# THIS IS AN AUTOGENERATED FILE. DO NOT EDIT THIS FILE DIRECTLY.
# yarn lockfile v1


<<<<<<< HEAD
=======
"@fortawesome/fontawesome-common-types@^0.2.15":
  version "0.2.15"
  resolved "https://registry.yarnpkg.com/@fortawesome/fontawesome-common-types/-/fontawesome-common-types-0.2.15.tgz#16af950653083d1e3064061de9f8e5e3b579f688"
  integrity sha512-ATBRyKJw1d2ko+0DWN9+BXau0EK3I/Q6pPzPv3LhJD7r052YFAkAdfb1Bd7ZqhBsJrdse/S7jKxWUOZ61qBD4g==

"@fortawesome/fontawesome-free@^5.7.2":
  version "5.7.2"
  resolved "https://registry.yarnpkg.com/@fortawesome/fontawesome-free/-/fontawesome-free-5.7.2.tgz#1498c3eb78ee7c78c5488418707de90aaf58d5d7"
  integrity sha512-Ha4HshKdCVKgu4TVCtG8XyPPYdzTzNW4/fvPnn+LT7AosRABryhlRv4cc4+o84dgpvVJN9reN7jo/c+nYujFug==

"@fortawesome/free-brands-svg-icons@^5.7.2":
  version "5.7.2"
  resolved "https://registry.yarnpkg.com/@fortawesome/free-brands-svg-icons/-/free-brands-svg-icons-5.7.2.tgz#80ea37f12d22a281a5eadcd0cd3c870683e5dec1"
  integrity sha512-91rIjo00vy7PNrXg5auDsPOSTjmgzc+UUqMyUZHmIrXG5OXMHgjAYMTgEIgs91Lm5XcJtggFZCQz1u5fGFnj2A==
  dependencies:
    "@fortawesome/fontawesome-common-types" "^0.2.15"

"js-tokens@^3.0.0 || ^4.0.0":
  version "4.0.0"
  resolved "https://registry.yarnpkg.com/js-tokens/-/js-tokens-4.0.0.tgz#19203fb59991df98e3a287050d4647cdeaf32499"
  integrity sha512-RdJUflcE3cUzKiMqQgsCu06FPu9UdIJO0beYbPhHN4k6apgJtifcoCtT9bcxOpYBtpD2kCM6Sbzg4CausW/PKQ==

loose-envify@^1.4.0:
  version "1.4.0"
  resolved "https://registry.yarnpkg.com/loose-envify/-/loose-envify-1.4.0.tgz#71ee51fa7be4caec1a63839f7e682d8132d30caf"
  integrity sha512-lyuxPGr/Wfhrlem2CL/UcnUc1zcqKAImBDzukY7Y5F/yQiNdko6+fRLevlw1HgMySw7f611UIY408EtxRSoK3Q==
  dependencies:
    js-tokens "^3.0.0 || ^4.0.0"

object-assign@^4.1.1:
  version "4.1.1"
  resolved "https://registry.yarnpkg.com/object-assign/-/object-assign-4.1.1.tgz#2109adc7965887cfc05cbbd442cac8bfbb360863"
  integrity sha1-IQmtx5ZYh8/AXLvUQsrIv7s2CGM=

prop-types@^15.7.2:
  version "15.7.2"
  resolved "https://registry.yarnpkg.com/prop-types/-/prop-types-15.7.2.tgz#52c41e75b8c87e72b9d9360e0206b99dcbffa6c5"
  integrity sha512-8QQikdH7//R2vurIJSutZ1smHYTcLpRWEOlHnzcWHmBYrOGUysKwSsrC89BCiFj3CbrfJ/nXFdJepOVrY1GCHQ==
  dependencies:
    loose-envify "^1.4.0"
    object-assign "^4.1.1"
    react-is "^16.8.1"

react-is@^16.8.1:
  version "16.8.2"
  resolved "https://registry.yarnpkg.com/react-is/-/react-is-16.8.2.tgz#09891d324cad1cb0c1f2d91f70a71a4bee34df0f"
  integrity sha512-D+NxhSR2HUCjYky1q1DwpNUD44cDpUXzSmmFyC3ug1bClcU/iDNy0YNn1iwme28fn+NFhpA13IndOd42CrFb+Q==

uuid@^3.3.2:
  version "3.3.2"
  resolved "https://registry.yarnpkg.com/uuid/-/uuid-3.3.2.tgz#1b4af4955eb3077c501c23872fc6513811587131"
  integrity sha512-yXJmeNaw3DnnKAOKJE51sL/ZaYfWJRl1pK9dr19YFCu0ObS231AB1/LbqTKRAQ5kw8A90rA6fr4riOUpTZvQZA==
>>>>>>> af16d9f9c557e069fdc0737f445f539ca3ad4cd0
